// !$*UTF8*$!
{
	archiveVersion = 1;
	classes = {
	};
	objectVersion = 51;
	objects = {

/* Begin PBXBuildFile section */
		90125860308F8A9ED303B2E0 /* Pods_24h_Online_Store.framework in Frameworks */ = {isa = PBXBuildFile; fileRef = 579211551D2162DFDE09F5C2 /* Pods_24h_Online_Store.framework */; };
		BD09881F2529AB5700ECE2E9 /* SignUpRequest.swift in Sources */ = {isa = PBXBuildFile; fileRef = BD09881E2529AB5700ECE2E9 /* SignUpRequest.swift */; };
		BD0988212529ACBA00ECE2E9 /* SignUpViewModel.swift in Sources */ = {isa = PBXBuildFile; fileRef = BD0988202529ACBA00ECE2E9 /* SignUpViewModel.swift */; };
		BD0988232529AE8800ECE2E9 /* SignUpSuccessModel.swift in Sources */ = {isa = PBXBuildFile; fileRef = BD0988222529AE8800ECE2E9 /* SignUpSuccessModel.swift */; };
		BD098825252C643B00ECE2E9 /* UIImage+Ext.swift in Sources */ = {isa = PBXBuildFile; fileRef = BD098824252C643A00ECE2E9 /* UIImage+Ext.swift */; };
		BD098827252C75CA00ECE2E9 /* HomeVC.swift in Sources */ = {isa = PBXBuildFile; fileRef = BD098826252C75CA00ECE2E9 /* HomeVC.swift */; };
		BD098829252C7AB600ECE2E9 /* CategoriesVC.swift in Sources */ = {isa = PBXBuildFile; fileRef = BD098828252C7AB600ECE2E9 /* CategoriesVC.swift */; };
		BD09882B252C7ADB00ECE2E9 /* CartVC.swift in Sources */ = {isa = PBXBuildFile; fileRef = BD09882A252C7ADB00ECE2E9 /* CartVC.swift */; };
		BD09882D252C7AF900ECE2E9 /* MyAccountVC.swift in Sources */ = {isa = PBXBuildFile; fileRef = BD09882C252C7AF900ECE2E9 /* MyAccountVC.swift */; };
		BD09882F252C7E2200ECE2E9 /* Assets.xcassets in Resources */ = {isa = PBXBuildFile; fileRef = BD09882E252C7E1F00ECE2E9 /* Assets.xcassets */; };
		BD0988382531DFFF00ECE2E9 /* BannerCell.swift in Sources */ = {isa = PBXBuildFile; fileRef = BD0988362531DFFF00ECE2E9 /* BannerCell.swift */; };
		BD0988392531DFFF00ECE2E9 /* BannerCell.xib in Resources */ = {isa = PBXBuildFile; fileRef = BD0988372531DFFF00ECE2E9 /* BannerCell.xib */; };
		BD09883C2531E04900ECE2E9 /* ProductCell.swift in Sources */ = {isa = PBXBuildFile; fileRef = BD09883A2531E04900ECE2E9 /* ProductCell.swift */; };
		BD09883D2531E04900ECE2E9 /* ProductCell.xib in Resources */ = {isa = PBXBuildFile; fileRef = BD09883B2531E04900ECE2E9 /* ProductCell.xib */; };
		BD0988422531E0C500ECE2E9 /* CategoryCell.swift in Sources */ = {isa = PBXBuildFile; fileRef = BD0988402531E0C500ECE2E9 /* CategoryCell.swift */; };
		BD0988432531E0C500ECE2E9 /* CategoryCell.xib in Resources */ = {isa = PBXBuildFile; fileRef = BD0988412531E0C500ECE2E9 /* CategoryCell.xib */; };
		BD3BFAAC251EDA40005582E7 /* AppDelegate.swift in Sources */ = {isa = PBXBuildFile; fileRef = BD3BFAAB251EDA40005582E7 /* AppDelegate.swift */; };
		BD3BFAAE251EDA40005582E7 /* SceneDelegate.swift in Sources */ = {isa = PBXBuildFile; fileRef = BD3BFAAD251EDA40005582E7 /* SceneDelegate.swift */; };
		BD3BFAB5251EDA40005582E7 /* Main.storyboard in Resources */ = {isa = PBXBuildFile; fileRef = BD3BFAB3251EDA40005582E7 /* Main.storyboard */; };
		BD3BFABA251EDAB9005582E7 /* LaunchScreen.storyboard in Resources */ = {isa = PBXBuildFile; fileRef = BD3BFAB8251EDAB9005582E7 /* LaunchScreen.storyboard */; };
		BD4E9504253CEBD900B7A074 /* ProductDetailsVC.swift in Sources */ = {isa = PBXBuildFile; fileRef = BD4E9503253CEBD900B7A074 /* ProductDetailsVC.swift */; };
		BD4E9509253D3AC300B7A074 /* ProductImageSliderCell.swift in Sources */ = {isa = PBXBuildFile; fileRef = BD4E9507253D3AC300B7A074 /* ProductImageSliderCell.swift */; };
		BD4E950A253D3AC300B7A074 /* ProductImageSliderCell.xib in Resources */ = {isa = PBXBuildFile; fileRef = BD4E9508253D3AC300B7A074 /* ProductImageSliderCell.xib */; };
		BD4E950D253D3C0400B7A074 /* ProductDetailsCell.swift in Sources */ = {isa = PBXBuildFile; fileRef = BD4E950B253D3C0400B7A074 /* ProductDetailsCell.swift */; };
		BD4E950E253D3C0400B7A074 /* ProductDetailsCell.xib in Resources */ = {isa = PBXBuildFile; fileRef = BD4E950C253D3C0400B7A074 /* ProductDetailsCell.xib */; };
		BD4E9511253D3C2B00B7A074 /* ProductDescription.swift in Sources */ = {isa = PBXBuildFile; fileRef = BD4E950F253D3C2B00B7A074 /* ProductDescription.swift */; };
		BD4E9512253D3C2B00B7A074 /* ProductDescription.xib in Resources */ = {isa = PBXBuildFile; fileRef = BD4E9510253D3C2B00B7A074 /* ProductDescription.xib */; };
		BD4E9515253D42BF00B7A074 /* ProductImageCVCell.swift in Sources */ = {isa = PBXBuildFile; fileRef = BD4E9513253D42BF00B7A074 /* ProductImageCVCell.swift */; };
		BD4E9516253D42BF00B7A074 /* ProductImageCVCell.xib in Resources */ = {isa = PBXBuildFile; fileRef = BD4E9514253D42BF00B7A074 /* ProductImageCVCell.xib */; };
		BD4E9518253D4B6B00B7A074 /* ProductDetialsViewModel.swift in Sources */ = {isa = PBXBuildFile; fileRef = BD4E9517253D4B6B00B7A074 /* ProductDetialsViewModel.swift */; };
		BD4E951A253D8F8200B7A074 /* String+Ext.swift in Sources */ = {isa = PBXBuildFile; fileRef = BD4E9519253D8F8200B7A074 /* String+Ext.swift */; };
		BD4E951F253EF8AC00B7A074 /* screens.png in Resources */ = {isa = PBXBuildFile; fileRef = BD4E951E253EF8A800B7A074 /* screens.png */; };
		BD7C46E7253801DE009F0F86 /* HomeResponse.swift in Sources */ = {isa = PBXBuildFile; fileRef = BD7C46E6253801DE009F0F86 /* HomeResponse.swift */; };
		BD7C46E9253803BB009F0F86 /* HomeViewModel.swift in Sources */ = {isa = PBXBuildFile; fileRef = BD7C46E8253803BB009F0F86 /* HomeViewModel.swift */; };
		BD7C46EC25386547009F0F86 /* HeaderCollectionReusableView.swift in Sources */ = {isa = PBXBuildFile; fileRef = BD7C46EA25386545009F0F86 /* HeaderCollectionReusableView.swift */; };
		BD7C46ED25386547009F0F86 /* HeaderCollectionReusableView.xib in Resources */ = {isa = PBXBuildFile; fileRef = BD7C46EB25386545009F0F86 /* HeaderCollectionReusableView.xib */; };
		BD7C46EF253AD5EE009F0F86 /* HomeDataSource.swift in Sources */ = {isa = PBXBuildFile; fileRef = BD7C46EE253AD5E9009F0F86 /* HomeDataSource.swift */; };
		BD7C46F1253B4F2A009F0F86 /* Home.storyboard in Resources */ = {isa = PBXBuildFile; fileRef = BD7C46F0253B4F28009F0F86 /* Home.storyboard */; };
		BD7C46F3253B5116009F0F86 /* HomeSearchTVC.swift in Sources */ = {isa = PBXBuildFile; fileRef = BD7C46F2253B5116009F0F86 /* HomeSearchTVC.swift */; };
		BD7C46F5253B52D5009F0F86 /* HomeSearchViewModel.swift in Sources */ = {isa = PBXBuildFile; fileRef = BD7C46F4253B52D5009F0F86 /* HomeSearchViewModel.swift */; };
		BDA8695725205BDA00D37F00 /* LogInVC.swift in Sources */ = {isa = PBXBuildFile; fileRef = BDA8695625205BDA00D37F00 /* LogInVC.swift */; };
		BDA869592521AA2600D37F00 /* SignUpVC.swift in Sources */ = {isa = PBXBuildFile; fileRef = BDA869582521AA2600D37F00 /* SignUpVC.swift */; };
		BDA8695C2521AC2400D37F00 /* TextField+Ext.swift in Sources */ = {isa = PBXBuildFile; fileRef = BDA8695B2521AC2400D37F00 /* TextField+Ext.swift */; };
		BDA8695E2521AD4800D37F00 /* UIButton+Ext.swift in Sources */ = {isa = PBXBuildFile; fileRef = BDA8695D2521AD4800D37F00 /* UIButton+Ext.swift */; };
		BDA869602521AE4000D37F00 /* UIImageView+Ext.swift in Sources */ = {isa = PBXBuildFile; fileRef = BDA8695F2521AE4000D37F00 /* UIImageView+Ext.swift */; };
		BDFF230A25280CBB0006C2CD /* APIManager.swift in Sources */ = {isa = PBXBuildFile; fileRef = BDFF230925280CBB0006C2CD /* APIManager.swift */; };
		BDFF230D2528316C0006C2CD /* LoginSuccessModel.swift in Sources */ = {isa = PBXBuildFile; fileRef = BDFF230C2528316C0006C2CD /* LoginSuccessModel.swift */; };
		BDFF2311252839A20006C2CD /* LoginRequest.swift in Sources */ = {isa = PBXBuildFile; fileRef = BDFF2310252839A20006C2CD /* LoginRequest.swift */; };
		BDFF231425283FF60006C2CD /* Helper.swift in Sources */ = {isa = PBXBuildFile; fileRef = BDFF231325283FF60006C2CD /* Helper.swift */; };
		BDFF2318252845100006C2CD /* LoginViewModel.swift in Sources */ = {isa = PBXBuildFile; fileRef = BDFF2317252845100006C2CD /* LoginViewModel.swift */; };
		BDFF231A25296E430006C2CD /* UIViewController+Ext.swift in Sources */ = {isa = PBXBuildFile; fileRef = BDFF231925296E430006C2CD /* UIViewController+Ext.swift */; };
/* End PBXBuildFile section */

/* Begin PBXFileReference section */
		49F8F4A396730BCD7706DEFC /* Pods-24h Online Store.debug.xcconfig */ = {isa = PBXFileReference; includeInIndex = 1; lastKnownFileType = text.xcconfig; name = "Pods-24h Online Store.debug.xcconfig"; path = "Target Support Files/Pods-24h Online Store/Pods-24h Online Store.debug.xcconfig"; sourceTree = "<group>"; };
		579211551D2162DFDE09F5C2 /* Pods_24h_Online_Store.framework */ = {isa = PBXFileReference; explicitFileType = wrapper.framework; includeInIndex = 0; path = Pods_24h_Online_Store.framework; sourceTree = BUILT_PRODUCTS_DIR; };
		76D3B99DEDDB373F00397C49 /* Pods-24h Online Store.release.xcconfig */ = {isa = PBXFileReference; includeInIndex = 1; lastKnownFileType = text.xcconfig; name = "Pods-24h Online Store.release.xcconfig"; path = "Target Support Files/Pods-24h Online Store/Pods-24h Online Store.release.xcconfig"; sourceTree = "<group>"; };
		BD09881E2529AB5700ECE2E9 /* SignUpRequest.swift */ = {isa = PBXFileReference; lastKnownFileType = sourcecode.swift; path = SignUpRequest.swift; sourceTree = "<group>"; };
		BD0988202529ACBA00ECE2E9 /* SignUpViewModel.swift */ = {isa = PBXFileReference; lastKnownFileType = sourcecode.swift; path = SignUpViewModel.swift; sourceTree = "<group>"; };
		BD0988222529AE8800ECE2E9 /* SignUpSuccessModel.swift */ = {isa = PBXFileReference; lastKnownFileType = sourcecode.swift; path = SignUpSuccessModel.swift; sourceTree = "<group>"; };
		BD098824252C643A00ECE2E9 /* UIImage+Ext.swift */ = {isa = PBXFileReference; lastKnownFileType = sourcecode.swift; path = "UIImage+Ext.swift"; sourceTree = "<group>"; };
		BD098826252C75CA00ECE2E9 /* HomeVC.swift */ = {isa = PBXFileReference; lastKnownFileType = sourcecode.swift; path = HomeVC.swift; sourceTree = "<group>"; };
		BD098828252C7AB600ECE2E9 /* CategoriesVC.swift */ = {isa = PBXFileReference; lastKnownFileType = sourcecode.swift; path = CategoriesVC.swift; sourceTree = "<group>"; };
		BD09882A252C7ADB00ECE2E9 /* CartVC.swift */ = {isa = PBXFileReference; lastKnownFileType = sourcecode.swift; path = CartVC.swift; sourceTree = "<group>"; };
		BD09882C252C7AF900ECE2E9 /* MyAccountVC.swift */ = {isa = PBXFileReference; lastKnownFileType = sourcecode.swift; path = MyAccountVC.swift; sourceTree = "<group>"; };
		BD09882E252C7E1F00ECE2E9 /* Assets.xcassets */ = {isa = PBXFileReference; lastKnownFileType = folder.assetcatalog; path = Assets.xcassets; sourceTree = "<group>"; };
		BD0988362531DFFF00ECE2E9 /* BannerCell.swift */ = {isa = PBXFileReference; lastKnownFileType = sourcecode.swift; path = BannerCell.swift; sourceTree = "<group>"; };
		BD0988372531DFFF00ECE2E9 /* BannerCell.xib */ = {isa = PBXFileReference; lastKnownFileType = file.xib; path = BannerCell.xib; sourceTree = "<group>"; };
		BD09883A2531E04900ECE2E9 /* ProductCell.swift */ = {isa = PBXFileReference; lastKnownFileType = sourcecode.swift; path = ProductCell.swift; sourceTree = "<group>"; };
		BD09883B2531E04900ECE2E9 /* ProductCell.xib */ = {isa = PBXFileReference; lastKnownFileType = file.xib; path = ProductCell.xib; sourceTree = "<group>"; };
		BD0988402531E0C500ECE2E9 /* CategoryCell.swift */ = {isa = PBXFileReference; lastKnownFileType = sourcecode.swift; path = CategoryCell.swift; sourceTree = "<group>"; };
		BD0988412531E0C500ECE2E9 /* CategoryCell.xib */ = {isa = PBXFileReference; lastKnownFileType = file.xib; path = CategoryCell.xib; sourceTree = "<group>"; };
		BD3BFAA8251EDA40005582E7 /* 24h Online Store.app */ = {isa = PBXFileReference; explicitFileType = wrapper.application; includeInIndex = 0; path = "24h Online Store.app"; sourceTree = BUILT_PRODUCTS_DIR; };
		BD3BFAAB251EDA40005582E7 /* AppDelegate.swift */ = {isa = PBXFileReference; lastKnownFileType = sourcecode.swift; path = AppDelegate.swift; sourceTree = "<group>"; };
		BD3BFAAD251EDA40005582E7 /* SceneDelegate.swift */ = {isa = PBXFileReference; lastKnownFileType = sourcecode.swift; path = SceneDelegate.swift; sourceTree = "<group>"; };
		BD3BFAB4251EDA40005582E7 /* Base */ = {isa = PBXFileReference; lastKnownFileType = file.storyboard; name = Base; path = Base.lproj/Main.storyboard; sourceTree = "<group>"; };
		BD3BFAB9251EDAB9005582E7 /* Base */ = {isa = PBXFileReference; lastKnownFileType = file.storyboard; name = Base; path = Base.lproj/LaunchScreen.storyboard; sourceTree = "<group>"; };
		BD3BFABB251EDAB9005582E7 /* Info.plist */ = {isa = PBXFileReference; lastKnownFileType = text.plist.xml; path = Info.plist; sourceTree = "<group>"; };
		BD4E9503253CEBD900B7A074 /* ProductDetailsVC.swift */ = {isa = PBXFileReference; lastKnownFileType = sourcecode.swift; path = ProductDetailsVC.swift; sourceTree = "<group>"; };
		BD4E9507253D3AC300B7A074 /* ProductImageSliderCell.swift */ = {isa = PBXFileReference; lastKnownFileType = sourcecode.swift; path = ProductImageSliderCell.swift; sourceTree = "<group>"; };
		BD4E9508253D3AC300B7A074 /* ProductImageSliderCell.xib */ = {isa = PBXFileReference; lastKnownFileType = file.xib; path = ProductImageSliderCell.xib; sourceTree = "<group>"; };
		BD4E950B253D3C0400B7A074 /* ProductDetailsCell.swift */ = {isa = PBXFileReference; lastKnownFileType = sourcecode.swift; path = ProductDetailsCell.swift; sourceTree = "<group>"; };
		BD4E950C253D3C0400B7A074 /* ProductDetailsCell.xib */ = {isa = PBXFileReference; lastKnownFileType = file.xib; path = ProductDetailsCell.xib; sourceTree = "<group>"; };
		BD4E950F253D3C2B00B7A074 /* ProductDescription.swift */ = {isa = PBXFileReference; lastKnownFileType = sourcecode.swift; path = ProductDescription.swift; sourceTree = "<group>"; };
		BD4E9510253D3C2B00B7A074 /* ProductDescription.xib */ = {isa = PBXFileReference; lastKnownFileType = file.xib; path = ProductDescription.xib; sourceTree = "<group>"; };
		BD4E9513253D42BF00B7A074 /* ProductImageCVCell.swift */ = {isa = PBXFileReference; lastKnownFileType = sourcecode.swift; path = ProductImageCVCell.swift; sourceTree = "<group>"; };
		BD4E9514253D42BF00B7A074 /* ProductImageCVCell.xib */ = {isa = PBXFileReference; lastKnownFileType = file.xib; path = ProductImageCVCell.xib; sourceTree = "<group>"; };
		BD4E9517253D4B6B00B7A074 /* ProductDetialsViewModel.swift */ = {isa = PBXFileReference; lastKnownFileType = sourcecode.swift; path = ProductDetialsViewModel.swift; sourceTree = "<group>"; };
		BD4E9519253D8F8200B7A074 /* String+Ext.swift */ = {isa = PBXFileReference; lastKnownFileType = sourcecode.swift; path = "String+Ext.swift"; sourceTree = "<group>"; };
		BD4E951E253EF8A800B7A074 /* screens.png */ = {isa = PBXFileReference; lastKnownFileType = image.png; path = screens.png; sourceTree = "<group>"; };
		BD7C46E6253801DE009F0F86 /* HomeResponse.swift */ = {isa = PBXFileReference; lastKnownFileType = sourcecode.swift; path = HomeResponse.swift; sourceTree = "<group>"; };
		BD7C46E8253803BB009F0F86 /* HomeViewModel.swift */ = {isa = PBXFileReference; lastKnownFileType = sourcecode.swift; path = HomeViewModel.swift; sourceTree = "<group>"; };
		BD7C46EA25386545009F0F86 /* HeaderCollectionReusableView.swift */ = {isa = PBXFileReference; lastKnownFileType = sourcecode.swift; path = HeaderCollectionReusableView.swift; sourceTree = "<group>"; };
		BD7C46EB25386545009F0F86 /* HeaderCollectionReusableView.xib */ = {isa = PBXFileReference; lastKnownFileType = file.xib; path = HeaderCollectionReusableView.xib; sourceTree = "<group>"; };
		BD7C46EE253AD5E9009F0F86 /* HomeDataSource.swift */ = {isa = PBXFileReference; lastKnownFileType = sourcecode.swift; path = HomeDataSource.swift; sourceTree = "<group>"; };
		BD7C46F0253B4F28009F0F86 /* Home.storyboard */ = {isa = PBXFileReference; lastKnownFileType = file.storyboard; path = Home.storyboard; sourceTree = "<group>"; };
		BD7C46F2253B5116009F0F86 /* HomeSearchTVC.swift */ = {isa = PBXFileReference; lastKnownFileType = sourcecode.swift; path = HomeSearchTVC.swift; sourceTree = "<group>"; };
		BD7C46F4253B52D5009F0F86 /* HomeSearchViewModel.swift */ = {isa = PBXFileReference; lastKnownFileType = sourcecode.swift; path = HomeSearchViewModel.swift; sourceTree = "<group>"; };
		BDA8695625205BDA00D37F00 /* LogInVC.swift */ = {isa = PBXFileReference; lastKnownFileType = sourcecode.swift; path = LogInVC.swift; sourceTree = "<group>"; };
		BDA869582521AA2600D37F00 /* SignUpVC.swift */ = {isa = PBXFileReference; lastKnownFileType = sourcecode.swift; path = SignUpVC.swift; sourceTree = "<group>"; };
		BDA8695B2521AC2400D37F00 /* TextField+Ext.swift */ = {isa = PBXFileReference; lastKnownFileType = sourcecode.swift; path = "TextField+Ext.swift"; sourceTree = "<group>"; };
		BDA8695D2521AD4800D37F00 /* UIButton+Ext.swift */ = {isa = PBXFileReference; lastKnownFileType = sourcecode.swift; path = "UIButton+Ext.swift"; sourceTree = "<group>"; };
		BDA8695F2521AE4000D37F00 /* UIImageView+Ext.swift */ = {isa = PBXFileReference; lastKnownFileType = sourcecode.swift; path = "UIImageView+Ext.swift"; sourceTree = "<group>"; };
		BDFF230925280CBB0006C2CD /* APIManager.swift */ = {isa = PBXFileReference; lastKnownFileType = sourcecode.swift; path = APIManager.swift; sourceTree = "<group>"; };
		BDFF230C2528316C0006C2CD /* LoginSuccessModel.swift */ = {isa = PBXFileReference; lastKnownFileType = sourcecode.swift; path = LoginSuccessModel.swift; sourceTree = "<group>"; };
		BDFF2310252839A20006C2CD /* LoginRequest.swift */ = {isa = PBXFileReference; lastKnownFileType = sourcecode.swift; path = LoginRequest.swift; sourceTree = "<group>"; };
		BDFF231325283FF60006C2CD /* Helper.swift */ = {isa = PBXFileReference; lastKnownFileType = sourcecode.swift; path = Helper.swift; sourceTree = "<group>"; };
		BDFF2317252845100006C2CD /* LoginViewModel.swift */ = {isa = PBXFileReference; lastKnownFileType = sourcecode.swift; path = LoginViewModel.swift; sourceTree = "<group>"; };
		BDFF231925296E430006C2CD /* UIViewController+Ext.swift */ = {isa = PBXFileReference; lastKnownFileType = sourcecode.swift; path = "UIViewController+Ext.swift"; sourceTree = "<group>"; };
/* End PBXFileReference section */

/* Begin PBXFrameworksBuildPhase section */
		BD3BFAA5251EDA40005582E7 /* Frameworks */ = {
			isa = PBXFrameworksBuildPhase;
			buildActionMask = 2147483647;
			files = (
				90125860308F8A9ED303B2E0 /* Pods_24h_Online_Store.framework in Frameworks */,
			);
			runOnlyForDeploymentPostprocessing = 0;
		};
/* End PBXFrameworksBuildPhase section */

/* Begin PBXGroup section */
		7244223C5EB046C2CCB9AF9F /* Pods */ = {
			isa = PBXGroup;
			children = (
				49F8F4A396730BCD7706DEFC /* Pods-24h Online Store.debug.xcconfig */,
				76D3B99DEDDB373F00397C49 /* Pods-24h Online Store.release.xcconfig */,
			);
			path = Pods;
			sourceTree = "<group>";
		};
		B055FCC9E7C6C68DBD571DB7 /* Frameworks */ = {
			isa = PBXGroup;
			children = (
				579211551D2162DFDE09F5C2 /* Pods_24h_Online_Store.framework */,
			);
			name = Frameworks;
			sourceTree = "<group>";
		};
		BD098830253133D800ECE2E9 /* HomeScreens */ = {
			isa = PBXGroup;
			children = (
				BD7C46E325380119009F0F86 /* Model */,
				BD09883325314F5100ECE2E9 /* View */,
				BD09883225314F3F00ECE2E9 /* View Model */,
				BD09883125314EE700ECE2E9 /* Data Source */,
			);
			path = HomeScreens;
			sourceTree = "<group>";
		};
		BD09883125314EE700ECE2E9 /* Data Source */ = {
			isa = PBXGroup;
			children = (
				BD7C46EE253AD5E9009F0F86 /* HomeDataSource.swift */,
			);
			path = "Data Source";
			sourceTree = "<group>";
		};
		BD09883225314F3F00ECE2E9 /* View Model */ = {
			isa = PBXGroup;
			children = (
				BD7C46E8253803BB009F0F86 /* HomeViewModel.swift */,
				BD7C46F4253B52D5009F0F86 /* HomeSearchViewModel.swift */,
				BD4E9517253D4B6B00B7A074 /* ProductDetialsViewModel.swift */,
			);
			path = "View Model";
			sourceTree = "<group>";
		};
		BD09883325314F5100ECE2E9 /* View */ = {
			isa = PBXGroup;
			children = (
				BD0988352531DF4000ECE2E9 /* Cells */,
				BD0988342531DF1D00ECE2E9 /* View Controllres */,
			);
			path = View;
			sourceTree = "<group>";
		};
		BD0988342531DF1D00ECE2E9 /* View Controllres */ = {
			isa = PBXGroup;
			children = (
				BD098826252C75CA00ECE2E9 /* HomeVC.swift */,
				BD7C46F2253B5116009F0F86 /* HomeSearchTVC.swift */,
				BD4E9503253CEBD900B7A074 /* ProductDetailsVC.swift */,
			);
			path = "View Controllres";
			sourceTree = "<group>";
		};
		BD0988352531DF4000ECE2E9 /* Cells */ = {
			isa = PBXGroup;
			children = (
				BD4E9505253D39BD00B7A074 /* HomeCollectionViewCells */,
				BD4E9506253D3A3300B7A074 /* ProductDetailsCells */,
			);
			path = Cells;
			sourceTree = "<group>";
		};
		BD3BFA9F251EDA40005582E7 = {
			isa = PBXGroup;
			children = (
				BD4E951D253EF87F00B7A074 /* Demo */,
				BD3BFAAA251EDA40005582E7 /* 24h Online Store */,
				BD3BFAA9251EDA40005582E7 /* Products */,
				7244223C5EB046C2CCB9AF9F /* Pods */,
				B055FCC9E7C6C68DBD571DB7 /* Frameworks */,
			);
			sourceTree = "<group>";
		};
		BD3BFAA9251EDA40005582E7 /* Products */ = {
			isa = PBXGroup;
			children = (
				BD3BFAA8251EDA40005582E7 /* 24h Online Store.app */,
			);
			name = Products;
			sourceTree = "<group>";
		};
		BD3BFAAA251EDA40005582E7 /* 24h Online Store */ = {
			isa = PBXGroup;
			children = (
				BDFF230825280BF80006C2CD /* API */,
				BDA8695A2521AB8000D37F00 /* Extension */,
				BDFF231225283F2C0006C2CD /* Auth */,
				BD098830253133D800ECE2E9 /* HomeScreens */,
				BD3BFAAB251EDA40005582E7 /* AppDelegate.swift */,
				BD3BFAAD251EDA40005582E7 /* SceneDelegate.swift */,
				BD3BFAB3251EDA40005582E7 /* Main.storyboard */,
				BD3BFAB8251EDAB9005582E7 /* LaunchScreen.storyboard */,
				BD7C46F0253B4F28009F0F86 /* Home.storyboard */,
				BD09882E252C7E1F00ECE2E9 /* Assets.xcassets */,
				BD3BFABB251EDAB9005582E7 /* Info.plist */,
				BDFF231325283FF60006C2CD /* Helper.swift */,
				BD098828252C7AB600ECE2E9 /* CategoriesVC.swift */,
				BD09882A252C7ADB00ECE2E9 /* CartVC.swift */,
				BD09882C252C7AF900ECE2E9 /* MyAccountVC.swift */,
			);
			path = "24h Online Store";
			sourceTree = "<group>";
		};
		BD4E9505253D39BD00B7A074 /* HomeCollectionViewCells */ = {
			isa = PBXGroup;
			children = (
				BD0988362531DFFF00ECE2E9 /* BannerCell.swift */,
				BD0988372531DFFF00ECE2E9 /* BannerCell.xib */,
				BD09883A2531E04900ECE2E9 /* ProductCell.swift */,
				BD09883B2531E04900ECE2E9 /* ProductCell.xib */,
				BD0988402531E0C500ECE2E9 /* CategoryCell.swift */,
				BD0988412531E0C500ECE2E9 /* CategoryCell.xib */,
				BD7C46EA25386545009F0F86 /* HeaderCollectionReusableView.swift */,
				BD7C46EB25386545009F0F86 /* HeaderCollectionReusableView.xib */,
			);
			path = HomeCollectionViewCells;
			sourceTree = "<group>";
		};
		BD4E9506253D3A3300B7A074 /* ProductDetailsCells */ = {
			isa = PBXGroup;
			children = (
				BD4E9507253D3AC300B7A074 /* ProductImageSliderCell.swift */,
				BD4E9508253D3AC300B7A074 /* ProductImageSliderCell.xib */,
				BD4E950B253D3C0400B7A074 /* ProductDetailsCell.swift */,
				BD4E950C253D3C0400B7A074 /* ProductDetailsCell.xib */,
				BD4E950F253D3C2B00B7A074 /* ProductDescription.swift */,
				BD4E9510253D3C2B00B7A074 /* ProductDescription.xib */,
				BD4E9513253D42BF00B7A074 /* ProductImageCVCell.swift */,
				BD4E9514253D42BF00B7A074 /* ProductImageCVCell.xib */,
			);
			path = ProductDetailsCells;
			sourceTree = "<group>";
		};
		BD4E951D253EF87F00B7A074 /* Demo */ = {
			isa = PBXGroup;
			children = (
				BD4E951E253EF8A800B7A074 /* screens.png */,
			);
			path = Demo;
			sourceTree = "<group>";
		};
		BD7C46E325380119009F0F86 /* Model */ = {
			isa = PBXGroup;
			children = (
				BD7C46E525380172009F0F86 /* APIResponses */,
				BD7C46E425380153009F0F86 /* APIRequests */,
			);
			path = Model;
			sourceTree = "<group>";
		};
		BD7C46E425380153009F0F86 /* APIRequests */ = {
			isa = PBXGroup;
			children = (
			);
			path = APIRequests;
			sourceTree = "<group>";
		};
		BD7C46E525380172009F0F86 /* APIResponses */ = {
			isa = PBXGroup;
			children = (
				BD7C46E6253801DE009F0F86 /* HomeResponse.swift */,
			);
			path = APIResponses;
			sourceTree = "<group>";
		};
		BDA8695A2521AB8000D37F00 /* Extension */ = {
			isa = PBXGroup;
			children = (
				BDA8695B2521AC2400D37F00 /* TextField+Ext.swift */,
				BDA8695D2521AD4800D37F00 /* UIButton+Ext.swift */,
				BDA8695F2521AE4000D37F00 /* UIImageView+Ext.swift */,
				BDFF231925296E430006C2CD /* UIViewController+Ext.swift */,
				BD098824252C643A00ECE2E9 /* UIImage+Ext.swift */,
				BD4E9519253D8F8200B7A074 /* String+Ext.swift */,
			);
			path = Extension;
			sourceTree = "<group>";
		};
		BDFF230825280BF80006C2CD /* API */ = {
			isa = PBXGroup;
			children = (
				BDFF230925280CBB0006C2CD /* APIManager.swift */,
			);
			path = API;
			sourceTree = "<group>";
		};
		BDFF230B252831410006C2CD /* Model */ = {
			isa = PBXGroup;
			children = (
				BDFF230F252837B70006C2CD /* APIResponses */,
				BDFF230E2528379A0006C2CD /* APIRequests */,
			);
			path = Model;
			sourceTree = "<group>";
		};
		BDFF230E2528379A0006C2CD /* APIRequests */ = {
			isa = PBXGroup;
			children = (
				BDFF2310252839A20006C2CD /* LoginRequest.swift */,
				BD09881E2529AB5700ECE2E9 /* SignUpRequest.swift */,
			);
			path = APIRequests;
			sourceTree = "<group>";
		};
		BDFF230F252837B70006C2CD /* APIResponses */ = {
			isa = PBXGroup;
			children = (
				BDFF230C2528316C0006C2CD /* LoginSuccessModel.swift */,
				BD0988222529AE8800ECE2E9 /* SignUpSuccessModel.swift */,
			);
			path = APIResponses;
			sourceTree = "<group>";
		};
		BDFF231225283F2C0006C2CD /* Auth */ = {
			isa = PBXGroup;
			children = (
				BDFF230B252831410006C2CD /* Model */,
				BDFF2315252844040006C2CD /* View */,
				BDFF2316252844360006C2CD /* ViewModel */,
			);
			path = Auth;
			sourceTree = "<group>";
		};
		BDFF2315252844040006C2CD /* View */ = {
			isa = PBXGroup;
			children = (
				BDA8695625205BDA00D37F00 /* LogInVC.swift */,
				BDA869582521AA2600D37F00 /* SignUpVC.swift */,
			);
			path = View;
			sourceTree = "<group>";
		};
		BDFF2316252844360006C2CD /* ViewModel */ = {
			isa = PBXGroup;
			children = (
				BDFF2317252845100006C2CD /* LoginViewModel.swift */,
				BD0988202529ACBA00ECE2E9 /* SignUpViewModel.swift */,
			);
			path = ViewModel;
			sourceTree = "<group>";
		};
/* End PBXGroup section */

/* Begin PBXNativeTarget section */
		BD3BFAA7251EDA40005582E7 /* 24h Online Store */ = {
			isa = PBXNativeTarget;
			buildConfigurationList = BD3BFABE251EDAB9005582E7 /* Build configuration list for PBXNativeTarget "24h Online Store" */;
			buildPhases = (
				075855FE9D165415307B4362 /* [CP] Check Pods Manifest.lock */,
				BD3BFAA4251EDA40005582E7 /* Sources */,
				BD3BFAA5251EDA40005582E7 /* Frameworks */,
				BD3BFAA6251EDA40005582E7 /* Resources */,
				418C600B307E622808093A8F /* [CP] Embed Pods Frameworks */,
			);
			buildRules = (
			);
			dependencies = (
			);
			name = "24h Online Store";
			productName = "24h Online Store";
			productReference = BD3BFAA8251EDA40005582E7 /* 24h Online Store.app */;
			productType = "com.apple.product-type.application";
		};
/* End PBXNativeTarget section */

/* Begin PBXProject section */
		BD3BFAA0251EDA40005582E7 /* Project object */ = {
			isa = PBXProject;
			attributes = {
				LastSwiftUpdateCheck = 1160;
				LastUpgradeCheck = 1200;
				ORGANIZATIONNAME = "macboock pro";
				TargetAttributes = {
					BD3BFAA7251EDA40005582E7 = {
						CreatedOnToolsVersion = 11.6;
					};
				};
			};
			buildConfigurationList = BD3BFAA3251EDA40005582E7 /* Build configuration list for PBXProject "24h Online Store" */;
			compatibilityVersion = "Xcode 9.3";
			developmentRegion = en;
			hasScannedForEncodings = 0;
			knownRegions = (
				en,
				Base,
			);
			mainGroup = BD3BFA9F251EDA40005582E7;
			productRefGroup = BD3BFAA9251EDA40005582E7 /* Products */;
			projectDirPath = "";
			projectRoot = "";
			targets = (
				BD3BFAA7251EDA40005582E7 /* 24h Online Store */,
			);
		};
/* End PBXProject section */

/* Begin PBXResourcesBuildPhase section */
		BD3BFAA6251EDA40005582E7 /* Resources */ = {
			isa = PBXResourcesBuildPhase;
			buildActionMask = 2147483647;
			files = (
				BD7C46ED25386547009F0F86 /* HeaderCollectionReusableView.xib in Resources */,
				BD3BFABA251EDAB9005582E7 /* LaunchScreen.storyboard in Resources */,
				BD4E950E253D3C0400B7A074 /* ProductDetailsCell.xib in Resources */,
				BD0988432531E0C500ECE2E9 /* CategoryCell.xib in Resources */,
				BD0988392531DFFF00ECE2E9 /* BannerCell.xib in Resources */,
				BD4E9512253D3C2B00B7A074 /* ProductDescription.xib in Resources */,
				BD09883D2531E04900ECE2E9 /* ProductCell.xib in Resources */,
				BD4E951F253EF8AC00B7A074 /* screens.png in Resources */,
				BD4E950A253D3AC300B7A074 /* ProductImageSliderCell.xib in Resources */,
				BD4E9516253D42BF00B7A074 /* ProductImageCVCell.xib in Resources */,
				BD09882F252C7E2200ECE2E9 /* Assets.xcassets in Resources */,
				BD3BFAB5251EDA40005582E7 /* Main.storyboard in Resources */,
				BD7C46F1253B4F2A009F0F86 /* Home.storyboard in Resources */,
			);
			runOnlyForDeploymentPostprocessing = 0;
		};
/* End PBXResourcesBuildPhase section */

/* Begin PBXShellScriptBuildPhase section */
		075855FE9D165415307B4362 /* [CP] Check Pods Manifest.lock */ = {
			isa = PBXShellScriptBuildPhase;
			buildActionMask = 2147483647;
			files = (
			);
			inputFileListPaths = (
			);
			inputPaths = (
				"${PODS_PODFILE_DIR_PATH}/Podfile.lock",
				"${PODS_ROOT}/Manifest.lock",
			);
			name = "[CP] Check Pods Manifest.lock";
			outputFileListPaths = (
			);
			outputPaths = (
				"$(DERIVED_FILE_DIR)/Pods-24h Online Store-checkManifestLockResult.txt",
			);
			runOnlyForDeploymentPostprocessing = 0;
			shellPath = /bin/sh;
			shellScript = "diff \"${PODS_PODFILE_DIR_PATH}/Podfile.lock\" \"${PODS_ROOT}/Manifest.lock\" > /dev/null\nif [ $? != 0 ] ; then\n    # print error to STDERR\n    echo \"error: The sandbox is not in sync with the Podfile.lock. Run 'pod install' or update your CocoaPods installation.\" >&2\n    exit 1\nfi\n# This output is used by Xcode 'outputs' to avoid re-running this script phase.\necho \"SUCCESS\" > \"${SCRIPT_OUTPUT_FILE_0}\"\n";
			showEnvVarsInLog = 0;
		};
		418C600B307E622808093A8F /* [CP] Embed Pods Frameworks */ = {
			isa = PBXShellScriptBuildPhase;
			buildActionMask = 2147483647;
			files = (
			);
			inputFileListPaths = (
				"${PODS_ROOT}/Target Support Files/Pods-24h Online Store/Pods-24h Online Store-frameworks-${CONFIGURATION}-input-files.xcfilelist",
			);
			name = "[CP] Embed Pods Frameworks";
			outputFileListPaths = (
				"${PODS_ROOT}/Target Support Files/Pods-24h Online Store/Pods-24h Online Store-frameworks-${CONFIGURATION}-output-files.xcfilelist",
			);
			runOnlyForDeploymentPostprocessing = 0;
			shellPath = /bin/sh;
			shellScript = "\"${PODS_ROOT}/Target Support Files/Pods-24h Online Store/Pods-24h Online Store-frameworks.sh\"\n";
			showEnvVarsInLog = 0;
		};
/* End PBXShellScriptBuildPhase section */

/* Begin PBXSourcesBuildPhase section */
		BD3BFAA4251EDA40005582E7 /* Sources */ = {
			isa = PBXSourcesBuildPhase;
			buildActionMask = 2147483647;
			files = (
				BDFF230D2528316C0006C2CD /* LoginSuccessModel.swift in Sources */,
				BD0988212529ACBA00ECE2E9 /* SignUpViewModel.swift in Sources */,
				BDFF231A25296E430006C2CD /* UIViewController+Ext.swift in Sources */,
				BD7C46F5253B52D5009F0F86 /* HomeSearchViewModel.swift in Sources */,
				BDFF2311252839A20006C2CD /* LoginRequest.swift in Sources */,
				BDFF230A25280CBB0006C2CD /* APIManager.swift in Sources */,
				BD7C46F3253B5116009F0F86 /* HomeSearchTVC.swift in Sources */,
				BD4E9518253D4B6B00B7A074 /* ProductDetialsViewModel.swift in Sources */,
				BD3BFAAC251EDA40005582E7 /* AppDelegate.swift in Sources */,
				BD4E9504253CEBD900B7A074 /* ProductDetailsVC.swift in Sources */,
				BD098825252C643B00ECE2E9 /* UIImage+Ext.swift in Sources */,
				BD098829252C7AB600ECE2E9 /* CategoriesVC.swift in Sources */,
				BDFF2318252845100006C2CD /* LoginViewModel.swift in Sources */,
				BDA869602521AE4000D37F00 /* UIImageView+Ext.swift in Sources */,
				BDA8695E2521AD4800D37F00 /* UIButton+Ext.swift in Sources */,
				BD7C46E7253801DE009F0F86 /* HomeResponse.swift in Sources */,
				BD0988422531E0C500ECE2E9 /* CategoryCell.swift in Sources */,
				BD0988232529AE8800ECE2E9 /* SignUpSuccessModel.swift in Sources */,
				BDA8695725205BDA00D37F00 /* LogInVC.swift in Sources */,
				BDA869592521AA2600D37F00 /* SignUpVC.swift in Sources */,
				BDFF231425283FF60006C2CD /* Helper.swift in Sources */,
				BD09881F2529AB5700ECE2E9 /* SignUpRequest.swift in Sources */,
				BD4E951A253D8F8200B7A074 /* String+Ext.swift in Sources */,
				BDA8695C2521AC2400D37F00 /* TextField+Ext.swift in Sources */,
				BD7C46EC25386547009F0F86 /* HeaderCollectionReusableView.swift in Sources */,
				BD098827252C75CA00ECE2E9 /* HomeVC.swift in Sources */,
				BD09882B252C7ADB00ECE2E9 /* CartVC.swift in Sources */,
				BD4E950D253D3C0400B7A074 /* ProductDetailsCell.swift in Sources */,
				BD7C46E9253803BB009F0F86 /* HomeViewModel.swift in Sources */,
				BD4E9515253D42BF00B7A074 /* ProductImageCVCell.swift in Sources */,
				BD7C46EF253AD5EE009F0F86 /* HomeDataSource.swift in Sources */,
				BD4E9511253D3C2B00B7A074 /* ProductDescription.swift in Sources */,
				BD3BFAAE251EDA40005582E7 /* SceneDelegate.swift in Sources */,
				BD09883C2531E04900ECE2E9 /* ProductCell.swift in Sources */,
				BD09882D252C7AF900ECE2E9 /* MyAccountVC.swift in Sources */,
				BD4E9509253D3AC300B7A074 /* ProductImageSliderCell.swift in Sources */,
				BD0988382531DFFF00ECE2E9 /* BannerCell.swift in Sources */,
			);
			runOnlyForDeploymentPostprocessing = 0;
		};
/* End PBXSourcesBuildPhase section */

/* Begin PBXVariantGroup section */
		BD3BFAB3251EDA40005582E7 /* Main.storyboard */ = {
			isa = PBXVariantGroup;
			children = (
				BD3BFAB4251EDA40005582E7 /* Base */,
			);
			name = Main.storyboard;
			sourceTree = "<group>";
		};
		BD3BFAB8251EDAB9005582E7 /* LaunchScreen.storyboard */ = {
			isa = PBXVariantGroup;
			children = (
				BD3BFAB9251EDAB9005582E7 /* Base */,
			);
			name = LaunchScreen.storyboard;
			sourceTree = "<group>";
		};
/* End PBXVariantGroup section */

/* Begin XCBuildConfiguration section */
		BD3BFABC251EDAB9005582E7 /* Debug */ = {
			isa = XCBuildConfiguration;
			buildSettings = {
				ALWAYS_SEARCH_USER_PATHS = NO;
				CLANG_ANALYZER_NONNULL = YES;
				CLANG_ANALYZER_NUMBER_OBJECT_CONVERSION = YES_AGGRESSIVE;
				CLANG_CXX_LANGUAGE_STANDARD = "gnu++14";
				CLANG_CXX_LIBRARY = "libc++";
				CLANG_ENABLE_MODULES = YES;
				CLANG_ENABLE_OBJC_ARC = YES;
				CLANG_ENABLE_OBJC_WEAK = YES;
				CLANG_WARN_BLOCK_CAPTURE_AUTORELEASING = YES;
				CLANG_WARN_BOOL_CONVERSION = YES;
				CLANG_WARN_COMMA = YES;
				CLANG_WARN_CONSTANT_CONVERSION = YES;
				CLANG_WARN_DEPRECATED_OBJC_IMPLEMENTATIONS = YES;
				CLANG_WARN_DIRECT_OBJC_ISA_USAGE = YES_ERROR;
				CLANG_WARN_DOCUMENTATION_COMMENTS = YES;
				CLANG_WARN_EMPTY_BODY = YES;
				CLANG_WARN_ENUM_CONVERSION = YES;
				CLANG_WARN_INFINITE_RECURSION = YES;
				CLANG_WARN_INT_CONVERSION = YES;
				CLANG_WARN_NON_LITERAL_NULL_CONVERSION = YES;
				CLANG_WARN_OBJC_IMPLICIT_RETAIN_SELF = YES;
				CLANG_WARN_OBJC_LITERAL_CONVERSION = YES;
				CLANG_WARN_OBJC_ROOT_CLASS = YES_ERROR;
				CLANG_WARN_QUOTED_INCLUDE_IN_FRAMEWORK_HEADER = YES;
				CLANG_WARN_RANGE_LOOP_ANALYSIS = YES;
				CLANG_WARN_STRICT_PROTOTYPES = YES;
				CLANG_WARN_SUSPICIOUS_MOVE = YES;
				CLANG_WARN_UNGUARDED_AVAILABILITY = YES_AGGRESSIVE;
				CLANG_WARN_UNREACHABLE_CODE = YES;
				CLANG_WARN__DUPLICATE_METHOD_MATCH = YES;
				COPY_PHASE_STRIP = NO;
				DEBUG_INFORMATION_FORMAT = dwarf;
				ENABLE_STRICT_OBJC_MSGSEND = YES;
				ENABLE_TESTABILITY = YES;
				GCC_C_LANGUAGE_STANDARD = gnu11;
				GCC_DYNAMIC_NO_PIC = NO;
				GCC_NO_COMMON_BLOCKS = YES;
				GCC_OPTIMIZATION_LEVEL = 0;
				GCC_PREPROCESSOR_DEFINITIONS = (
					"DEBUG=1",
					"$(inherited)",
				);
				GCC_WARN_64_TO_32_BIT_CONVERSION = YES;
				GCC_WARN_ABOUT_RETURN_TYPE = YES_ERROR;
				GCC_WARN_UNDECLARED_SELECTOR = YES;
				GCC_WARN_UNINITIALIZED_AUTOS = YES_AGGRESSIVE;
				GCC_WARN_UNUSED_FUNCTION = YES;
				GCC_WARN_UNUSED_VARIABLE = YES;
				IPHONEOS_DEPLOYMENT_TARGET = 13.6;
				MTL_ENABLE_DEBUG_INFO = INCLUDE_SOURCE;
				MTL_FAST_MATH = YES;
				ONLY_ACTIVE_ARCH = YES;
				SDKROOT = iphoneos;
				SWIFT_ACTIVE_COMPILATION_CONDITIONS = DEBUG;
				SWIFT_OPTIMIZATION_LEVEL = "-Onone";
			};
			name = Debug;
		};
		BD3BFABD251EDAB9005582E7 /* Release */ = {
			isa = XCBuildConfiguration;
			buildSettings = {
				ALWAYS_SEARCH_USER_PATHS = NO;
				CLANG_ANALYZER_NONNULL = YES;
				CLANG_ANALYZER_NUMBER_OBJECT_CONVERSION = YES_AGGRESSIVE;
				CLANG_CXX_LANGUAGE_STANDARD = "gnu++14";
				CLANG_CXX_LIBRARY = "libc++";
				CLANG_ENABLE_MODULES = YES;
				CLANG_ENABLE_OBJC_ARC = YES;
				CLANG_ENABLE_OBJC_WEAK = YES;
				CLANG_WARN_BLOCK_CAPTURE_AUTORELEASING = YES;
				CLANG_WARN_BOOL_CONVERSION = YES;
				CLANG_WARN_COMMA = YES;
				CLANG_WARN_CONSTANT_CONVERSION = YES;
				CLANG_WARN_DEPRECATED_OBJC_IMPLEMENTATIONS = YES;
				CLANG_WARN_DIRECT_OBJC_ISA_USAGE = YES_ERROR;
				CLANG_WARN_DOCUMENTATION_COMMENTS = YES;
				CLANG_WARN_EMPTY_BODY = YES;
				CLANG_WARN_ENUM_CONVERSION = YES;
				CLANG_WARN_INFINITE_RECURSION = YES;
				CLANG_WARN_INT_CONVERSION = YES;
				CLANG_WARN_NON_LITERAL_NULL_CONVERSION = YES;
				CLANG_WARN_OBJC_IMPLICIT_RETAIN_SELF = YES;
				CLANG_WARN_OBJC_LITERAL_CONVERSION = YES;
				CLANG_WARN_OBJC_ROOT_CLASS = YES_ERROR;
				CLANG_WARN_QUOTED_INCLUDE_IN_FRAMEWORK_HEADER = YES;
				CLANG_WARN_RANGE_LOOP_ANALYSIS = YES;
				CLANG_WARN_STRICT_PROTOTYPES = YES;
				CLANG_WARN_SUSPICIOUS_MOVE = YES;
				CLANG_WARN_UNGUARDED_AVAILABILITY = YES_AGGRESSIVE;
				CLANG_WARN_UNREACHABLE_CODE = YES;
				CLANG_WARN__DUPLICATE_METHOD_MATCH = YES;
				COPY_PHASE_STRIP = NO;
				DEBUG_INFORMATION_FORMAT = "dwarf-with-dsym";
				ENABLE_NS_ASSERTIONS = NO;
				ENABLE_STRICT_OBJC_MSGSEND = YES;
				GCC_C_LANGUAGE_STANDARD = gnu11;
				GCC_NO_COMMON_BLOCKS = YES;
				GCC_WARN_64_TO_32_BIT_CONVERSION = YES;
				GCC_WARN_ABOUT_RETURN_TYPE = YES_ERROR;
				GCC_WARN_UNDECLARED_SELECTOR = YES;
				GCC_WARN_UNINITIALIZED_AUTOS = YES_AGGRESSIVE;
				GCC_WARN_UNUSED_FUNCTION = YES;
				GCC_WARN_UNUSED_VARIABLE = YES;
				IPHONEOS_DEPLOYMENT_TARGET = 13.6;
				MTL_ENABLE_DEBUG_INFO = NO;
				MTL_FAST_MATH = YES;
				SDKROOT = iphoneos;
				SWIFT_COMPILATION_MODE = wholemodule;
				SWIFT_OPTIMIZATION_LEVEL = "-O";
				VALIDATE_PRODUCT = YES;
			};
			name = Release;
		};
		BD3BFABF251EDAB9005582E7 /* Debug */ = {
			isa = XCBuildConfiguration;
			baseConfigurationReference = 49F8F4A396730BCD7706DEFC /* Pods-24h Online Store.debug.xcconfig */;
			buildSettings = {
				ASSETCATALOG_COMPILER_APPICON_NAME = AppIcon;
				CODE_SIGN_STYLE = Automatic;
				DEVELOPMENT_TEAM = 5B6445KTDN;
				INFOPLIST_FILE = "24h Online Store/Info.plist";
				LD_RUNPATH_SEARCH_PATHS = (
					"$(inherited)",
					"@executable_path/Frameworks",
				);
				PRODUCT_BUNDLE_IDENTIFIER = "com.MahmoudIsmail.-4h-Online-Store";
				PRODUCT_NAME = "$(TARGET_NAME)";
				SWIFT_VERSION = 5.0;
				TARGETED_DEVICE_FAMILY = "1,2";
			};
			name = Debug;
		};
		BD3BFAC0251EDAB9005582E7 /* Release */ = {
			isa = XCBuildConfiguration;
			baseConfigurationReference = 76D3B99DEDDB373F00397C49 /* Pods-24h Online Store.release.xcconfig */;
			buildSettings = {
				ASSETCATALOG_COMPILER_APPICON_NAME = AppIcon;
				CODE_SIGN_STYLE = Automatic;
				DEVELOPMENT_TEAM = 5B6445KTDN;
				INFOPLIST_FILE = "24h Online Store/Info.plist";
				LD_RUNPATH_SEARCH_PATHS = (
					"$(inherited)",
					"@executable_path/Frameworks",
				);
				PRODUCT_BUNDLE_IDENTIFIER = "com.MahmoudIsmail.-4h-Online-Store";
				PRODUCT_NAME = "$(TARGET_NAME)";
				SWIFT_VERSION = 5.0;
				TARGETED_DEVICE_FAMILY = "1,2";
			};
			name = Release;
		};
/* End XCBuildConfiguration section */

/* Begin XCConfigurationList section */
		BD3BFAA3251EDA40005582E7 /* Build configuration list for PBXProject "24h Online Store" */ = {
			isa = XCConfigurationList;
			buildConfigurations = (
				BD3BFABC251EDAB9005582E7 /* Debug */,
				BD3BFABD251EDAB9005582E7 /* Release */,
			);
			defaultConfigurationIsVisible = 0;
			defaultConfigurationName = Release;
		};
		BD3BFABE251EDAB9005582E7 /* Build configuration list for PBXNativeTarget "24h Online Store" */ = {
			isa = XCConfigurationList;
			buildConfigurations = (
				BD3BFABF251EDAB9005582E7 /* Debug */,
				BD3BFAC0251EDAB9005582E7 /* Release */,
			);
			defaultConfigurationIsVisible = 0;
			defaultConfigurationName = Release;
		};
/* End XCConfigurationList section */
	};
	rootObject = BD3BFAA0251EDA40005582E7 /* Project object */;
}
